
Microsoft Visual Studio Solution File, Format Version 12.00
# Visual Studio Version 16
VisualStudioVersion = 16.0.31911.196
MinimumVisualStudioVersion = 10.0.40219.1
Project("{9A19103F-16F7-4668-BE54-9A1E7A4F7556}") = "AnimalMonitoringSystem1", "AnimalMonitoringSystem1\AnimalMonitoringSystem1.csproj", "{C908C387-FD0C-4DA3-83B8-FB3EC76A985E}"
EndProject
Project("{9A19103F-16F7-4668-BE54-9A1E7A4F7556}") = "AMS.Tests", "ViewModelTests\AMS.Tests.csproj", "{05C64F13-8F51-4351-B2CF-2AE9C511411A}"
EndProject
Project("{FAE04EC0-301F-11D3-BF4B-00C04F79EFBC}") = "AMS.EntityFramework", "AMS.EntityFramework\AMS.EntityFramework.csproj", "{B9AA4F49-E5C9-43FA-AB27-9D13D33CC8C0}"
EndProject
Global
	GlobalSection(SolutionConfigurationPlatforms) = preSolution
		Debug|Any CPU = Debug|Any CPU
		Debug|x64 = Debug|x64
		Debug|x86 = Debug|x86
		Release|Any CPU = Release|Any CPU
		Release|x64 = Release|x64
		Release|x86 = Release|x86
	EndGlobalSection
	GlobalSection(ProjectConfigurationPlatforms) = postSolution
		{C908C387-FD0C-4DA3-83B8-FB3EC76A985E}.Debug|Any CPU.ActiveCfg = Debug|Any CPU
		{C908C387-FD0C-4DA3-83B8-FB3EC76A985E}.Debug|Any CPU.Build.0 = Debug|Any CPU
		{C908C387-FD0C-4DA3-83B8-FB3EC76A985E}.Debug|x64.ActiveCfg = Debug|Any CPU
		{C908C387-FD0C-4DA3-83B8-FB3EC76A985E}.Debug|x64.Build.0 = Debug|Any CPU
		{C908C387-FD0C-4DA3-83B8-FB3EC76A985E}.Debug|x86.ActiveCfg = Debug|Any CPU
		{C908C387-FD0C-4DA3-83B8-FB3EC76A985E}.Debug|x86.Build.0 = Debug|Any CPU
		{C908C387-FD0C-4DA3-83B8-FB3EC76A985E}.Release|Any CPU.ActiveCfg = Release|Any CPU
		{C908C387-FD0C-4DA3-83B8-FB3EC76A985E}.Release|Any CPU.Build.0 = Release|Any CPU
		{C908C387-FD0C-4DA3-83B8-FB3EC76A985E}.Release|x64.ActiveCfg = Release|Any CPU
		{C908C387-FD0C-4DA3-83B8-FB3EC76A985E}.Release|x64.Build.0 = Release|Any CPU
		{C908C387-FD0C-4DA3-83B8-FB3EC76A985E}.Release|x86.ActiveCfg = Release|Any CPU
		{C908C387-FD0C-4DA3-83B8-FB3EC76A985E}.Release|x86.Build.0 = Release|Any CPU
		{05C64F13-8F51-4351-B2CF-2AE9C511411A}.Debug|Any CPU.ActiveCfg = Debug|Any CPU
		{05C64F13-8F51-4351-B2CF-2AE9C511411A}.Debug|Any CPU.Build.0 = Debug|Any CPU
		{05C64F13-8F51-4351-B2CF-2AE9C511411A}.Debug|x64.ActiveCfg = Debug|Any CPU
		{05C64F13-8F51-4351-B2CF-2AE9C511411A}.Debug|x64.Build.0 = Debug|Any CPU
		{05C64F13-8F51-4351-B2CF-2AE9C511411A}.Debug|x86.ActiveCfg = Debug|Any CPU
		{05C64F13-8F51-4351-B2CF-2AE9C511411A}.Debug|x86.Build.0 = Debug|Any CPU
		{05C64F13-8F51-4351-B2CF-2AE9C511411A}.Release|Any CPU.ActiveCfg = Release|Any CPU
		{05C64F13-8F51-4351-B2CF-2AE9C511411A}.Release|Any CPU.Build.0 = Release|Any CPU
		{05C64F13-8F51-4351-B2CF-2AE9C511411A}.Release|x64.ActiveCfg = Release|Any CPU
		{05C64F13-8F51-4351-B2CF-2AE9C511411A}.Release|x64.Build.0 = Release|Any CPU
		{05C64F13-8F51-4351-B2CF-2AE9C511411A}.Release|x86.ActiveCfg = Release|Any CPU
		{05C64F13-8F51-4351-B2CF-2AE9C511411A}.Release|x86.Build.0 = Release|Any CPU
		{B9AA4F49-E5C9-43FA-AB27-9D13D33CC8C0}.Debug|Any CPU.ActiveCfg = Debug|Any CPU
		{B9AA4F49-E5C9-43FA-AB27-9D13D33CC8C0}.Debug|Any CPU.Build.0 = Debug|Any CPU
		{B9AA4F49-E5C9-43FA-AB27-9D13D33CC8C0}.Debug|x64.ActiveCfg = Debug|Any CPU
		{B9AA4F49-E5C9-43FA-AB27-9D13D33CC8C0}.Debug|x64.Build.0 = Debug|Any CPU
		{B9AA4F49-E5C9-43FA-AB27-9D13D33CC8C0}.Debug|x86.ActiveCfg = Debug|Any CPU
		{B9AA4F49-E5C9-43FA-AB27-9D13D33CC8C0}.Debug|x86.Build.0 = Debug|Any CPU
		{B9AA4F49-E5C9-43FA-AB27-9D13D33CC8C0}.Release|Any CPU.ActiveCfg = Release|Any CPU
		{B9AA4F49-E5C9-43FA-AB27-9D13D33CC8C0}.Release|Any CPU.Build.0 = Release|Any CPU
		{B9AA4F49-E5C9-43FA-AB27-9D13D33CC8C0}.Release|x64.ActiveCfg = Release|Any CPU
		{B9AA4F49-E5C9-43FA-AB27-9D13D33CC8C0}.Release|x64.Build.0 = Release|Any CPU
		{B9AA4F49-E5C9-43FA-AB27-9D13D33CC8C0}.Release|x86.ActiveCfg = Release|Any CPU
		{B9AA4F49-E5C9-43FA-AB27-9D13D33CC8C0}.Release|x86.Build.0 = Release|Any CPU
	EndGlobalSection
	GlobalSection(SolutionProperties) = preSolution
		HideSolutionNode = FALSE
	EndGlobalSection
	GlobalSection(ExtensibilityGlobals) = postSolution
		SolutionGuid = {057172ED-72D5-4156-B8C3-371C906E113C}
	EndGlobalSection
EndGlobal
